// !$*UTF8*$!
{
	archiveVersion = 1;
	classes = {
	};
	objectVersion = 51;
	objects = {

/* Begin PBXBuildFile section */
		42C4982080F3ED97D28914BB /* Pods_AppleBeta.framework in Frameworks */ = {isa = PBXBuildFile; fileRef = E28EF6C2298AA148D0B6C743 /* Pods_AppleBeta.framework */; };
		852C6113203DF97A002733C5 /* Assets.xcassets in Resources */ = {isa = PBXBuildFile; fileRef = 852C6112203DF97A002733C5 /* Assets.xcassets */; };
		852C6115203DFD39002733C5 /* TabBarViewController.swift in Sources */ = {isa = PBXBuildFile; fileRef = 852C6114203DFD39002733C5 /* TabBarViewController.swift */; };
		854D0E572031EEF900D33526 /* ReleaseTableViewCell.swift in Sources */ = {isa = PBXBuildFile; fileRef = 854D0E562031EEF900D33526 /* ReleaseTableViewCell.swift */; };
		854D258B202E36C6006C756F /* AppDelegate.swift in Sources */ = {isa = PBXBuildFile; fileRef = 854D258A202E36C6006C756F /* AppDelegate.swift */; };
		854D2590202E36C6006C756F /* Main.storyboard in Resources */ = {isa = PBXBuildFile; fileRef = 854D258E202E36C6006C756F /* Main.storyboard */; };
		854D2598202E36C7006C756F /* LaunchScreen.storyboard in Resources */ = {isa = PBXBuildFile; fileRef = 854D2596202E36C7006C756F /* LaunchScreen.storyboard */; };
		854D25A2202E3ECE006C756F /* Podfile in Resources */ = {isa = PBXBuildFile; fileRef = 854D25A1202E3ECE006C756F /* Podfile */; };
		854DDB39202E610F00B7CCF0 /* TimelineTableViewController.swift in Sources */ = {isa = PBXBuildFile; fileRef = 854DDB38202E610F00B7CCF0 /* TimelineTableViewController.swift */; };
		854DDB3B202E615E00B7CCF0 /* Requester.swift in Sources */ = {isa = PBXBuildFile; fileRef = 854DDB3A202E615E00B7CCF0 /* Requester.swift */; };
/* End PBXBuildFile section */

/* Begin PBXFileReference section */
		2D2AB49A6597E47DE4BB657E /* Pods-AppleBeta.debug.xcconfig */ = {isa = PBXFileReference; includeInIndex = 1; lastKnownFileType = text.xcconfig; name = "Pods-AppleBeta.debug.xcconfig"; path = "Pods/Target Support Files/Pods-AppleBeta/Pods-AppleBeta.debug.xcconfig"; sourceTree = "<group>"; };
		7C85BCC399746E8555C23BB5 /* Pods-AppleBeta.release.xcconfig */ = {isa = PBXFileReference; includeInIndex = 1; lastKnownFileType = text.xcconfig; name = "Pods-AppleBeta.release.xcconfig"; path = "Pods/Target Support Files/Pods-AppleBeta/Pods-AppleBeta.release.xcconfig"; sourceTree = "<group>"; };
		852C6112203DF97A002733C5 /* Assets.xcassets */ = {isa = PBXFileReference; lastKnownFileType = folder.assetcatalog; path = Assets.xcassets; sourceTree = "<group>"; };
		852C6114203DFD39002733C5 /* TabBarViewController.swift */ = {isa = PBXFileReference; lastKnownFileType = sourcecode.swift; path = TabBarViewController.swift; sourceTree = "<group>"; };
		854D0E562031EEF900D33526 /* ReleaseTableViewCell.swift */ = {isa = PBXFileReference; lastKnownFileType = sourcecode.swift; path = ReleaseTableViewCell.swift; sourceTree = "<group>"; };
		854D2587202E36C6006C756F /* AppleBeta.app */ = {isa = PBXFileReference; explicitFileType = wrapper.application; includeInIndex = 0; path = AppleBeta.app; sourceTree = BUILT_PRODUCTS_DIR; };
		854D258A202E36C6006C756F /* AppDelegate.swift */ = {isa = PBXFileReference; lastKnownFileType = sourcecode.swift; path = AppDelegate.swift; sourceTree = "<group>"; };
		854D258F202E36C6006C756F /* Base */ = {isa = PBXFileReference; lastKnownFileType = file.storyboard; name = Base; path = Base.lproj/Main.storyboard; sourceTree = "<group>"; };
		854D2597202E36C7006C756F /* Base */ = {isa = PBXFileReference; lastKnownFileType = file.storyboard; name = Base; path = Base.lproj/LaunchScreen.storyboard; sourceTree = "<group>"; };
		854D2599202E36C7006C756F /* Info.plist */ = {isa = PBXFileReference; lastKnownFileType = text.plist.xml; path = Info.plist; sourceTree = "<group>"; };
		854D25A1202E3ECE006C756F /* Podfile */ = {isa = PBXFileReference; fileEncoding = 4; lastKnownFileType = text; path = Podfile; sourceTree = "<group>"; xcLanguageSpecificationIdentifier = xcode.lang.ruby; };
		854D25A3202E4083006C756F /* AppleBeta.entitlements */ = {isa = PBXFileReference; lastKnownFileType = text.plist.entitlements; path = AppleBeta.entitlements; sourceTree = "<group>"; };
		854DDB38202E610F00B7CCF0 /* TimelineTableViewController.swift */ = {isa = PBXFileReference; lastKnownFileType = sourcecode.swift; path = TimelineTableViewController.swift; sourceTree = "<group>"; };
		854DDB3A202E615E00B7CCF0 /* Requester.swift */ = {isa = PBXFileReference; lastKnownFileType = sourcecode.swift; path = Requester.swift; sourceTree = "<group>"; };
		854DDB41202E634400B7CCF0 /* AppleBeta.entitlements */ = {isa = PBXFileReference; lastKnownFileType = text.plist.entitlements; path = AppleBeta.entitlements; sourceTree = "<group>"; };
		E28EF6C2298AA148D0B6C743 /* Pods_AppleBeta.framework */ = {isa = PBXFileReference; explicitFileType = wrapper.framework; includeInIndex = 0; path = Pods_AppleBeta.framework; sourceTree = BUILT_PRODUCTS_DIR; };
/* End PBXFileReference section */

/* Begin PBXFrameworksBuildPhase section */
		854D2584202E36C6006C756F /* Frameworks */ = {
			isa = PBXFrameworksBuildPhase;
			buildActionMask = 2147483647;
			files = (
				42C4982080F3ED97D28914BB /* Pods_AppleBeta.framework in Frameworks */,
			);
			runOnlyForDeploymentPostprocessing = 0;
		};
/* End PBXFrameworksBuildPhase section */

/* Begin PBXGroup section */
		09535346F3A976CF8B94F5B9 /* Frameworks */ = {
			isa = PBXGroup;
			children = (
				E28EF6C2298AA148D0B6C743 /* Pods_AppleBeta.framework */,
			);
			name = Frameworks;
			sourceTree = "<group>";
		};
		6A494E225C203FBBDBD56C5F /* Pods */ = {
			isa = PBXGroup;
			children = (
				2D2AB49A6597E47DE4BB657E /* Pods-AppleBeta.debug.xcconfig */,
				7C85BCC399746E8555C23BB5 /* Pods-AppleBeta.release.xcconfig */,
			);
			name = Pods;
			sourceTree = "<group>";
		};
		854D257E202E36C6006C756F = {
			isa = PBXGroup;
			children = (
				854D25A1202E3ECE006C756F /* Podfile */,
				854D2589202E36C6006C756F /* AppleBeta */,
				854D2588202E36C6006C756F /* Products */,
				6A494E225C203FBBDBD56C5F /* Pods */,
				09535346F3A976CF8B94F5B9 /* Frameworks */,
			);
			sourceTree = "<group>";
		};
		854D2588202E36C6006C756F /* Products */ = {
			isa = PBXGroup;
			children = (
				854D2587202E36C6006C756F /* AppleBeta.app */,
			);
			name = Products;
			sourceTree = "<group>";
		};
		854D2589202E36C6006C756F /* AppleBeta */ = {
			isa = PBXGroup;
			children = (
				854DDB41202E634400B7CCF0 /* AppleBeta.entitlements */,
				854DDB3F202E632F00B7CCF0 /* Supporting Files */,
				854DDB40202E633800B7CCF0 /* User Interface */,
				854DDB3D202E631500B7CCF0 /* Assets */,
				854DDB3C202E630F00B7CCF0 /* Code */,
			);
			path = AppleBeta;
			sourceTree = "<group>";
		};
		854DDB3C202E630F00B7CCF0 /* Code */ = {
			isa = PBXGroup;
			children = (
				854D258A202E36C6006C756F /* AppDelegate.swift */,
				854DDB38202E610F00B7CCF0 /* TimelineTableViewController.swift */,
				854DDB3A202E615E00B7CCF0 /* Requester.swift */,
				854D0E562031EEF900D33526 /* ReleaseTableViewCell.swift */,
				852C6114203DFD39002733C5 /* TabBarViewController.swift */,
			);
			path = Code;
			sourceTree = "<group>";
		};
		854DDB3D202E631500B7CCF0 /* Assets */ = {
			isa = PBXGroup;
			children = (
				852C6112203DF97A002733C5 /* Assets.xcassets */,
			);
			path = Assets;
			sourceTree = "<group>";
		};
		854DDB3F202E632F00B7CCF0 /* Supporting Files */ = {
			isa = PBXGroup;
			children = (
				854D25A3202E4083006C756F /* AppleBeta.entitlements */,
				854D2599202E36C7006C756F /* Info.plist */,
			);
			path = "Supporting Files";
			sourceTree = "<group>";
		};
		854DDB40202E633800B7CCF0 /* User Interface */ = {
			isa = PBXGroup;
			children = (
				854D258E202E36C6006C756F /* Main.storyboard */,
				854D2596202E36C7006C756F /* LaunchScreen.storyboard */,
			);
			path = "User Interface";
			sourceTree = "<group>";
		};
/* End PBXGroup section */

/* Begin PBXNativeTarget section */
		854D2586202E36C6006C756F /* AppleBeta */ = {
			isa = PBXNativeTarget;
			buildConfigurationList = 854D259C202E36C7006C756F /* Build configuration list for PBXNativeTarget "AppleBeta" */;
			buildPhases = (
				3792E9A34ADB732F582961DD /* [CP] Check Pods Manifest.lock */,
				854D2583202E36C6006C756F /* Sources */,
				854D2584202E36C6006C756F /* Frameworks */,
				854D2585202E36C6006C756F /* Resources */,
				4D847C2BC273777B9F21299D /* [CP] Embed Pods Frameworks */,
			);
			buildRules = (
			);
			dependencies = (
			);
			name = AppleBeta;
			productName = AppleBeta;
			productReference = 854D2587202E36C6006C756F /* AppleBeta.app */;
			productType = "com.apple.product-type.application";
		};
/* End PBXNativeTarget section */

/* Begin PBXProject section */
		854D257F202E36C6006C756F /* Project object */ = {
			isa = PBXProject;
			attributes = {
				LastSwiftUpdateCheck = 0930;
				LastUpgradeCheck = 0940;
				ORGANIZATIONNAME = "Niklas Bülow";
				TargetAttributes = {
					854D2586202E36C6006C756F = {
						CreatedOnToolsVersion = 9.3;
						LastSwiftMigration = 1100;
						SystemCapabilities = {
							com.apple.BackgroundModes = {
								enabled = 1;
							};
							com.apple.Push = {
								enabled = 1;
							};
						};
					};
				};
			};
			buildConfigurationList = 854D2582202E36C6006C756F /* Build configuration list for PBXProject "AppleBeta" */;
			compatibilityVersion = "Xcode 9.3";
			developmentRegion = en;
			hasScannedForEncodings = 0;
			knownRegions = (
				en,
				Base,
			);
			mainGroup = 854D257E202E36C6006C756F;
			productRefGroup = 854D2588202E36C6006C756F /* Products */;
			projectDirPath = "";
			projectRoot = "";
			targets = (
				854D2586202E36C6006C756F /* AppleBeta */,
			);
		};
/* End PBXProject section */

/* Begin PBXResourcesBuildPhase section */
		854D2585202E36C6006C756F /* Resources */ = {
			isa = PBXResourcesBuildPhase;
			buildActionMask = 2147483647;
			files = (
				854D2598202E36C7006C756F /* LaunchScreen.storyboard in Resources */,
				854D25A2202E3ECE006C756F /* Podfile in Resources */,
				852C6113203DF97A002733C5 /* Assets.xcassets in Resources */,
				854D2590202E36C6006C756F /* Main.storyboard in Resources */,
			);
			runOnlyForDeploymentPostprocessing = 0;
		};
/* End PBXResourcesBuildPhase section */

/* Begin PBXShellScriptBuildPhase section */
		3792E9A34ADB732F582961DD /* [CP] Check Pods Manifest.lock */ = {
			isa = PBXShellScriptBuildPhase;
			buildActionMask = 2147483647;
			files = (
			);
			inputPaths = (
				"${PODS_PODFILE_DIR_PATH}/Podfile.lock",
				"${PODS_ROOT}/Manifest.lock",
			);
			name = "[CP] Check Pods Manifest.lock";
			outputPaths = (
				"$(DERIVED_FILE_DIR)/Pods-AppleBeta-checkManifestLockResult.txt",
			);
			runOnlyForDeploymentPostprocessing = 0;
			shellPath = /bin/sh;
			shellScript = "diff \"${PODS_PODFILE_DIR_PATH}/Podfile.lock\" \"${PODS_ROOT}/Manifest.lock\" > /dev/null\nif [ $? != 0 ] ; then\n    # print error to STDERR\n    echo \"error: The sandbox is not in sync with the Podfile.lock. Run 'pod install' or update your CocoaPods installation.\" >&2\n    exit 1\nfi\n# This output is used by Xcode 'outputs' to avoid re-running this script phase.\necho \"SUCCESS\" > \"${SCRIPT_OUTPUT_FILE_0}\"\n";
			showEnvVarsInLog = 0;
		};
		4D847C2BC273777B9F21299D /* [CP] Embed Pods Frameworks */ = {
			isa = PBXShellScriptBuildPhase;
			buildActionMask = 2147483647;
			files = (
			);
			inputFileListPaths = (
				"${PODS_ROOT}/Target Support Files/Pods-AppleBeta/Pods-AppleBeta-frameworks-${CONFIGURATION}-input-files.xcfilelist",
			);
			name = "[CP] Embed Pods Frameworks";
			outputFileListPaths = (
				"${PODS_ROOT}/Target Support Files/Pods-AppleBeta/Pods-AppleBeta-frameworks-${CONFIGURATION}-output-files.xcfilelist",
			);
			runOnlyForDeploymentPostprocessing = 0;
			shellPath = /bin/sh;
			shellScript = "\"${PODS_ROOT}/Target Support Files/Pods-AppleBeta/Pods-AppleBeta-frameworks.sh\"\n";
			showEnvVarsInLog = 0;
		};
/* End PBXShellScriptBuildPhase section */

/* Begin PBXSourcesBuildPhase section */
		854D2583202E36C6006C756F /* Sources */ = {
			isa = PBXSourcesBuildPhase;
			buildActionMask = 2147483647;
			files = (
				854D258B202E36C6006C756F /* AppDelegate.swift in Sources */,
				854D0E572031EEF900D33526 /* ReleaseTableViewCell.swift in Sources */,
				854DDB39202E610F00B7CCF0 /* TimelineTableViewController.swift in Sources */,
				852C6115203DFD39002733C5 /* TabBarViewController.swift in Sources */,
				854DDB3B202E615E00B7CCF0 /* Requester.swift in Sources */,
			);
			runOnlyForDeploymentPostprocessing = 0;
		};
/* End PBXSourcesBuildPhase section */

/* Begin PBXVariantGroup section */
		854D258E202E36C6006C756F /* Main.storyboard */ = {
			isa = PBXVariantGroup;
			children = (
				854D258F202E36C6006C756F /* Base */,
			);
			name = Main.storyboard;
			sourceTree = "<group>";
		};
		854D2596202E36C7006C756F /* LaunchScreen.storyboard */ = {
			isa = PBXVariantGroup;
			children = (
				854D2597202E36C7006C756F /* Base */,
			);
			name = LaunchScreen.storyboard;
			sourceTree = "<group>";
		};
/* End PBXVariantGroup section */

/* Begin XCBuildConfiguration section */
		854D259A202E36C7006C756F /* Debug */ = {
			isa = XCBuildConfiguration;
			buildSettings = {
				ALWAYS_SEARCH_USER_PATHS = NO;
				CLANG_ANALYZER_NONNULL = YES;
				CLANG_ANALYZER_NUMBER_OBJECT_CONVERSION = YES_AGGRESSIVE;
				CLANG_CXX_LANGUAGE_STANDARD = "gnu++14";
				CLANG_CXX_LIBRARY = "libc++";
				CLANG_ENABLE_MODULES = YES;
				CLANG_ENABLE_OBJC_ARC = YES;
				CLANG_ENABLE_OBJC_WEAK = YES;
				CLANG_WARN_BLOCK_CAPTURE_AUTORELEASING = YES;
				CLANG_WARN_BOOL_CONVERSION = YES;
				CLANG_WARN_COMMA = YES;
				CLANG_WARN_CONSTANT_CONVERSION = YES;
				CLANG_WARN_DEPRECATED_OBJC_IMPLEMENTATIONS = YES;
				CLANG_WARN_DIRECT_OBJC_ISA_USAGE = YES_ERROR;
				CLANG_WARN_DOCUMENTATION_COMMENTS = YES;
				CLANG_WARN_EMPTY_BODY = YES;
				CLANG_WARN_ENUM_CONVERSION = YES;
				CLANG_WARN_INFINITE_RECURSION = YES;
				CLANG_WARN_INT_CONVERSION = YES;
				CLANG_WARN_NON_LITERAL_NULL_CONVERSION = YES;
				CLANG_WARN_OBJC_IMPLICIT_RETAIN_SELF = YES;
				CLANG_WARN_OBJC_LITERAL_CONVERSION = YES;
				CLANG_WARN_OBJC_ROOT_CLASS = YES_ERROR;
				CLANG_WARN_RANGE_LOOP_ANALYSIS = YES;
				CLANG_WARN_STRICT_PROTOTYPES = YES;
				CLANG_WARN_SUSPICIOUS_MOVE = YES;
				CLANG_WARN_UNGUARDED_AVAILABILITY = YES_AGGRESSIVE;
				CLANG_WARN_UNREACHABLE_CODE = YES;
				CLANG_WARN__DUPLICATE_METHOD_MATCH = YES;
				CODE_SIGN_IDENTITY = "iPhone Developer";
				COPY_PHASE_STRIP = NO;
				DEBUG_INFORMATION_FORMAT = dwarf;
				ENABLE_STRICT_OBJC_MSGSEND = YES;
				ENABLE_TESTABILITY = YES;
				GCC_C_LANGUAGE_STANDARD = gnu11;
				GCC_DYNAMIC_NO_PIC = NO;
				GCC_NO_COMMON_BLOCKS = YES;
				GCC_OPTIMIZATION_LEVEL = 0;
				GCC_PREPROCESSOR_DEFINITIONS = (
					"DEBUG=1",
					"$(inherited)",
				);
				GCC_WARN_64_TO_32_BIT_CONVERSION = YES;
				GCC_WARN_ABOUT_RETURN_TYPE = YES_ERROR;
				GCC_WARN_UNDECLARED_SELECTOR = YES;
				GCC_WARN_UNINITIALIZED_AUTOS = YES_AGGRESSIVE;
				GCC_WARN_UNUSED_FUNCTION = YES;
				GCC_WARN_UNUSED_VARIABLE = YES;
				IPHONEOS_DEPLOYMENT_TARGET = 11.3;
				MTL_ENABLE_DEBUG_INFO = YES;
				ONLY_ACTIVE_ARCH = YES;
				SDKROOT = iphoneos;
				SWIFT_ACTIVE_COMPILATION_CONDITIONS = DEBUG;
				SWIFT_OPTIMIZATION_LEVEL = "-Onone";
			};
			name = Debug;
		};
		854D259B202E36C7006C756F /* Release */ = {
			isa = XCBuildConfiguration;
			buildSettings = {
				ALWAYS_SEARCH_USER_PATHS = NO;
				CLANG_ANALYZER_NONNULL = YES;
				CLANG_ANALYZER_NUMBER_OBJECT_CONVERSION = YES_AGGRESSIVE;
				CLANG_CXX_LANGUAGE_STANDARD = "gnu++14";
				CLANG_CXX_LIBRARY = "libc++";
				CLANG_ENABLE_MODULES = YES;
				CLANG_ENABLE_OBJC_ARC = YES;
				CLANG_ENABLE_OBJC_WEAK = YES;
				CLANG_WARN_BLOCK_CAPTURE_AUTORELEASING = YES;
				CLANG_WARN_BOOL_CONVERSION = YES;
				CLANG_WARN_COMMA = YES;
				CLANG_WARN_CONSTANT_CONVERSION = YES;
				CLANG_WARN_DEPRECATED_OBJC_IMPLEMENTATIONS = YES;
				CLANG_WARN_DIRECT_OBJC_ISA_USAGE = YES_ERROR;
				CLANG_WARN_DOCUMENTATION_COMMENTS = YES;
				CLANG_WARN_EMPTY_BODY = YES;
				CLANG_WARN_ENUM_CONVERSION = YES;
				CLANG_WARN_INFINITE_RECURSION = YES;
				CLANG_WARN_INT_CONVERSION = YES;
				CLANG_WARN_NON_LITERAL_NULL_CONVERSION = YES;
				CLANG_WARN_OBJC_IMPLICIT_RETAIN_SELF = YES;
				CLANG_WARN_OBJC_LITERAL_CONVERSION = YES;
				CLANG_WARN_OBJC_ROOT_CLASS = YES_ERROR;
				CLANG_WARN_RANGE_LOOP_ANALYSIS = YES;
				CLANG_WARN_STRICT_PROTOTYPES = YES;
				CLANG_WARN_SUSPICIOUS_MOVE = YES;
				CLANG_WARN_UNGUARDED_AVAILABILITY = YES_AGGRESSIVE;
				CLANG_WARN_UNREACHABLE_CODE = YES;
				CLANG_WARN__DUPLICATE_METHOD_MATCH = YES;
				CODE_SIGN_IDENTITY = "iPhone Developer";
				COPY_PHASE_STRIP = NO;
				DEBUG_INFORMATION_FORMAT = "dwarf-with-dsym";
				ENABLE_NS_ASSERTIONS = NO;
				ENABLE_STRICT_OBJC_MSGSEND = YES;
				GCC_C_LANGUAGE_STANDARD = gnu11;
				GCC_NO_COMMON_BLOCKS = YES;
				GCC_WARN_64_TO_32_BIT_CONVERSION = YES;
				GCC_WARN_ABOUT_RETURN_TYPE = YES_ERROR;
				GCC_WARN_UNDECLARED_SELECTOR = YES;
				GCC_WARN_UNINITIALIZED_AUTOS = YES_AGGRESSIVE;
				GCC_WARN_UNUSED_FUNCTION = YES;
				GCC_WARN_UNUSED_VARIABLE = YES;
				IPHONEOS_DEPLOYMENT_TARGET = 11.3;
				MTL_ENABLE_DEBUG_INFO = NO;
				SDKROOT = iphoneos;
				SWIFT_COMPILATION_MODE = wholemodule;
				SWIFT_OPTIMIZATION_LEVEL = "-Owholemodule";
				VALIDATE_PRODUCT = YES;
			};
			name = Release;
		};
		854D259D202E36C7006C756F /* Debug */ = {
			isa = XCBuildConfiguration;
			baseConfigurationReference = 2D2AB49A6597E47DE4BB657E /* Pods-AppleBeta.debug.xcconfig */;
			buildSettings = {
				ASSETCATALOG_COMPILER_APPICON_NAME = AppIcon;
				CODE_SIGN_ENTITLEMENTS = AppleBeta/AppleBeta.entitlements;
				CODE_SIGN_STYLE = Automatic;
				CURRENT_PROJECT_VERSION = 1;
				DERIVE_MACCATALYST_PRODUCT_BUNDLE_IDENTIFIER = YES;
				DEVELOPMENT_TEAM = V6KWUV4A4U;
				INFOPLIST_FILE = "AppleBeta/Supporting Files/Info.plist";
				IPHONEOS_DEPLOYMENT_TARGET = 13.0;
				LD_RUNPATH_SEARCH_PATHS = (
					"$(inherited)",
					"@executable_path/Frameworks",
				);
				MARKETING_VERSION = 1.1;
				PRODUCT_BUNDLE_IDENTIFIER = com.niklasbuelow.AppleBeta;
				PRODUCT_NAME = "$(TARGET_NAME)";
				SUPPORTS_MACCATALYST = YES;
				SWIFT_VERSION = 5.0;
				TARGETED_DEVICE_FAMILY = "1,2";
			};
			name = Debug;
		};
		854D259E202E36C7006C756F /* Release */ = {
			isa = XCBuildConfiguration;
			baseConfigurationReference = 7C85BCC399746E8555C23BB5 /* Pods-AppleBeta.release.xcconfig */;
			buildSettings = {
				ASSETCATALOG_COMPILER_APPICON_NAME = AppIcon;
				CODE_SIGN_ENTITLEMENTS = AppleBeta/AppleBeta.entitlements;
				CODE_SIGN_STYLE = Automatic;
				CURRENT_PROJECT_VERSION = 1;
				DERIVE_MACCATALYST_PRODUCT_BUNDLE_IDENTIFIER = YES;
				DEVELOPMENT_TEAM = V6KWUV4A4U;
				INFOPLIST_FILE = "AppleBeta/Supporting Files/Info.plist";
				IPHONEOS_DEPLOYMENT_TARGET = 13.0;
				LD_RUNPATH_SEARCH_PATHS = (
					"$(inherited)",
					"@executable_path/Frameworks",
				);
				MARKETING_VERSION = 1.1;
				PRODUCT_BUNDLE_IDENTIFIER = com.niklasbuelow.AppleBeta;
				PRODUCT_NAME = "$(TARGET_NAME)";
				SUPPORTS_MACCATALYST = YES;
				SWIFT_VERSION = 5.0;
				TARGETED_DEVICE_FAMILY = "1,2";
			};
			name = Release;
		};
/* End XCBuildConfiguration section */

/* Begin XCConfigurationList section */
		854D2582202E36C6006C756F /* Build configuration list for PBXProject "AppleBeta" */ = {
			isa = XCConfigurationList;
			buildConfigurations = (
				854D259A202E36C7006C756F /* Debug */,
				854D259B202E36C7006C756F /* Release */,
			);
			defaultConfigurationIsVisible = 0;
			defaultConfigurationName = Release;
		};
		854D259C202E36C7006C756F /* Build configuration list for PBXNativeTarget "AppleBeta" */ = {
			isa = XCConfigurationList;
			buildConfigurations = (
				854D259D202E36C7006C756F /* Debug */,
				854D259E202E36C7006C756F /* Release */,
			);
			defaultConfigurationIsVisible = 0;
			defaultConfigurationName = Release;
		};
/* End XCConfigurationList section */
	};
	rootObject = 854D257F202E36C6006C756F /* Project object */;
}
